
Microsoft Visual Studio Solution File, Format Version 12.00
# Visual Studio Version 17
VisualStudioVersion = 17.1.32407.343
MinimumVisualStudioVersion = 10.0.40219.1
Project("{FAE04EC0-301F-11D3-BF4B-00C04F79EFBC}") = "ByteBank_ADM", "ByteBank_ADM\ByteBank_ADM.csproj", "{913822DB-293D-41B4-B28A-F3AC177CCCAC}"
EndProject
Global
	GlobalSection(SolutionConfigurationPlatforms) = preSolution
		Debug|Any CPU = Debug|Any CPU
		Release|Any CPU = Release|Any CPU
	EndGlobalSection
	GlobalSection(ProjectConfigurationPlatforms) = postSolution
		{913822DB-293D-41B4-B28A-F3AC177CCCAC}.Debug|Any CPU.ActiveCfg = Debug|Any CPU
		{913822DB-293D-41B4-B28A-F3AC177CCCAC}.Debug|Any CPU.Build.0 = Debug|Any CPU
		{913822DB-293D-41B4-B28A-F3AC177CCCAC}.Release|Any CPU.ActiveCfg = Release|Any CPU
		{913822DB-293D-41B4-B28A-F3AC177CCCAC}.Release|Any CPU.Build.0 = Release|Any CPU
	EndGlobalSection
	GlobalSection(SolutionProperties) = preSolution
		HideSolutionNode = FALSE
	EndGlobalSection
	GlobalSection(ExtensibilityGlobals) = postSolution
		SolutionGuid = {493D60DD-1E00-470B-B5CF-5FC7C8370166}
	EndGlobalSection
EndGlobal
