
Microsoft Visual Studio Solution File, Format Version 12.00
# Visual Studio Version 17
VisualStudioVersion = 17.9.34714.143
MinimumVisualStudioVersion = 10.0.40219.1
Project("{FAE04EC0-301F-11D3-BF4B-00C04F79EFBC}") = "SpaceApp.Server", "SpaceApp.Server\SpaceApp.Server.csproj", "{DD94784D-CFAA-4F94-8D01-8AA47527BDD6}"
EndProject
Project("{54A90642-561A-4BB1-A94E-469ADEE60C69}") = "spaceapp.client", "spaceapp.client\spaceapp.client.esproj", "{D19B1C3B-D650-43ED-ACA0-4A36F06A9C0E}"
EndProject
Global
	GlobalSection(SolutionConfigurationPlatforms) = preSolution
		Debug|Any CPU = Debug|Any CPU
		Release|Any CPU = Release|Any CPU
	EndGlobalSection
	GlobalSection(ProjectConfigurationPlatforms) = postSolution
		{DD94784D-CFAA-4F94-8D01-8AA47527BDD6}.Debug|Any CPU.ActiveCfg = Debug|Any CPU
		{DD94784D-CFAA-4F94-8D01-8AA47527BDD6}.Debug|Any CPU.Build.0 = Debug|Any CPU
		{DD94784D-CFAA-4F94-8D01-8AA47527BDD6}.Release|Any CPU.ActiveCfg = Release|Any CPU
		{DD94784D-CFAA-4F94-8D01-8AA47527BDD6}.Release|Any CPU.Build.0 = Release|Any CPU
		{D19B1C3B-D650-43ED-ACA0-4A36F06A9C0E}.Debug|Any CPU.ActiveCfg = Debug|Any CPU
		{D19B1C3B-D650-43ED-ACA0-4A36F06A9C0E}.Debug|Any CPU.Build.0 = Debug|Any CPU
		{D19B1C3B-D650-43ED-ACA0-4A36F06A9C0E}.Debug|Any CPU.Deploy.0 = Debug|Any CPU
		{D19B1C3B-D650-43ED-ACA0-4A36F06A9C0E}.Release|Any CPU.ActiveCfg = Release|Any CPU
		{D19B1C3B-D650-43ED-ACA0-4A36F06A9C0E}.Release|Any CPU.Build.0 = Release|Any CPU
		{D19B1C3B-D650-43ED-ACA0-4A36F06A9C0E}.Release|Any CPU.Deploy.0 = Release|Any CPU
	EndGlobalSection
	GlobalSection(SolutionProperties) = preSolution
		HideSolutionNode = FALSE
	EndGlobalSection
	GlobalSection(ExtensibilityGlobals) = postSolution
		SolutionGuid = {D28D9636-D49C-428B-8C01-65FE2201DDEB}
	EndGlobalSection
EndGlobal
